// !$*UTF8*$!
{
	archiveVersion = 1;
	classes = {
	};
	objectVersion = 45;
	objects = {

/* Begin PBXBuildFile section */
		1DDD58160DA1D0A300B32029 /* MainMenu.xib in Resources */ = {isa = PBXBuildFile; fileRef = 1DDD58140DA1D0A300B32029 /* MainMenu.xib */; };
		882A8BB1128C33CB00D05C94 /* StatusItemIconOLD.png in Resources */ = {isa = PBXBuildFile; fileRef = 882A8BB0128C33CB00D05C94 /* StatusItemIconOLD.png */; };
		882A8BD5128C349A00D05C94 /* QCUIElement.m in Sources */ = {isa = PBXBuildFile; fileRef = 882A8BAD128C33BC00D05C94 /* QCUIElement.m */; };
		882A8BD6128C349A00D05C94 /* QCAppDelegate.m in Sources */ = {isa = PBXBuildFile; fileRef = 882A8BAB128C33BC00D05C94 /* QCAppDelegate.m */; };
		882A8BD7128C349B00D05C94 /* PTKeyCombo.m in Sources */ = {isa = PBXBuildFile; fileRef = 882A8BA9128C33BC00D05C94 /* PTKeyCombo.m */; };
		882A8BD8128C349C00D05C94 /* PTKeyCodeTranslator.m in Sources */ = {isa = PBXBuildFile; fileRef = 882A8BA7128C33BC00D05C94 /* PTKeyCodeTranslator.m */; };
		882A8BD9128C349D00D05C94 /* PTHotKeyCenter.m in Sources */ = {isa = PBXBuildFile; fileRef = 882A8BA4128C33BC00D05C94 /* PTHotKeyCenter.m */; };
		882A8BDA128C349D00D05C94 /* PTKeyCodes.plist in Resources */ = {isa = PBXBuildFile; fileRef = 882A8BA5128C33BC00D05C94 /* PTKeyCodes.plist */; };
		882A8BDB128C349E00D05C94 /* PTHotKey.m in Sources */ = {isa = PBXBuildFile; fileRef = 882A8BA2128C33BC00D05C94 /* PTHotKey.m */; };
		882A8BDC128C349F00D05C94 /* ODBEditor.m in Sources */ = {isa = PBXBuildFile; fileRef = 882A8B9F128C33BC00D05C94 /* ODBEditor.m */; };
		882A8BDD128C349F00D05C94 /* NSAppleEventDescriptor-Extensions.m in Sources */ = {isa = PBXBuildFile; fileRef = 882A8B9D128C33BC00D05C94 /* NSAppleEventDescriptor-Extensions.m */; };
		882A8C0F128C35EE00D05C94 /* CoreServices.framework in Frameworks */ = {isa = PBXBuildFile; fileRef = 882A8C0E128C35EE00D05C94 /* CoreServices.framework */; };
		882A8C16128C35FA00D05C94 /* Carbon.framework in Frameworks */ = {isa = PBXBuildFile; fileRef = 882A8C15128C35FA00D05C94 /* Carbon.framework */; };
		882A8DB1128C378800D05C94 /* QuickCursor.icns in Resources */ = {isa = PBXBuildFile; fileRef = 882A8DB0128C378800D05C94 /* QuickCursor.icns */; };
		882A8DC9128C381400D05C94 /* Credits.html in Resources */ = {isa = PBXBuildFile; fileRef = 882A8DC8128C381400D05C94 /* Credits.html */; };
		882A8DDE128C392800D05C94 /* QuickCursor User's Guide.pdf in Resources */ = {isa = PBXBuildFile; fileRef = 882A8BAF128C33BC00D05C94 /* QuickCursor User's Guide.pdf */; };
		884E34C4128C7E4100B60730 /* ShortcutRecorder.framework in Frameworks */ = {isa = PBXBuildFile; fileRef = 884E34C3128C7E4100B60730 /* ShortcutRecorder.framework */; };
		884E34CF128C7E4700B60730 /* ShortcutRecorder.framework in Copy Frameworks */ = {isa = PBXBuildFile; fileRef = 884E34C3128C7E4100B60730 /* ShortcutRecorder.framework */; };
		88564D8A12DF407E00070CD3 /* StatusItemIcon.png in Resources */ = {isa = PBXBuildFile; fileRef = 88564D8912DF407E00070CD3 /* StatusItemIcon.png */; };
		8858B82912F9AC6600696670 /* sample_app_receipt in Resources */ = {isa = PBXBuildFile; fileRef = 8858B82812F9AC6600696670 /* sample_app_receipt */; };
		889D74CF12FAF83B00FD3B55 /* NativeEnumerated.c in Sources */ = {isa = PBXBuildFile; fileRef = 8858B74512F9A35B00696670 /* NativeEnumerated.c */; };
		889D74D012FAF83C00FD3B55 /* Makefile.am.sample in Resources */ = {isa = PBXBuildFile; fileRef = 8858B74312F9A35B00696670 /* Makefile.am.sample */; };
		889D74D112FAF83C00FD3B55 /* BIT_STRING.c in Sources */ = {isa = PBXBuildFile; fileRef = 8858B73412F9A35B00696670 /* BIT_STRING.c */; };
		889D74D212FAF83D00FD3B55 /* INTEGER.c in Sources */ = {isa = PBXBuildFile; fileRef = 8858B74112F9A35B00696670 /* INTEGER.c */; };
		889D74D312FAF83D00FD3B55 /* asn_SET_OF.c in Sources */ = {isa = PBXBuildFile; fileRef = 8858B72B12F9A35B00696670 /* asn_SET_OF.c */; };
		889D74D412FAF83E00FD3B55 /* OCTET_STRING.c in Sources */ = {isa = PBXBuildFile; fileRef = 8858B74912F9A35B00696670 /* OCTET_STRING.c */; };
		889D74D512FAF83F00FD3B55 /* constr_SET_OF.c in Sources */ = {isa = PBXBuildFile; fileRef = 8858B73812F9A35B00696670 /* constr_SET_OF.c */; };
		889D74D612FAF84000FD3B55 /* Payload.c in Sources */ = {isa = PBXBuildFile; fileRef = 8858B74B12F9A35B00696670 /* Payload.c */; };
		889D74D712FAF84000FD3B55 /* ber_decoder.c in Sources */ = {isa = PBXBuildFile; fileRef = 8858B72E12F9A35B00696670 /* ber_decoder.c */; };
		889D74D812FAF84100FD3B55 /* per_encoder.c in Sources */ = {isa = PBXBuildFile; fileRef = 8858B74F12F9A35B00696670 /* per_encoder.c */; };
		889D74D912FAF84100FD3B55 /* per_support.c in Sources */ = {isa = PBXBuildFile; fileRef = 8858B75312F9A35B00696670 /* per_support.c */; };
		889D74DA12FAF84200FD3B55 /* per_opentype.c in Sources */ = {isa = PBXBuildFile; fileRef = 8858B75112F9A35B00696670 /* per_opentype.c */; };
		889D74DB12FAF84300FD3B55 /* ber_tlv_tag.c in Sources */ = {isa = PBXBuildFile; fileRef = 8858B73212F9A35B00696670 /* ber_tlv_tag.c */; };
		889D74DC12FAF84300FD3B55 /* per_decoder.c in Sources */ = {isa = PBXBuildFile; fileRef = 8858B74D12F9A35B00696670 /* per_decoder.c */; };
		889D74DD12FAF84300FD3B55 /* constr_TYPE.c in Sources */ = {isa = PBXBuildFile; fileRef = 8858B73A12F9A35B00696670 /* constr_TYPE.c */; };
		889D74DE12FAF84400FD3B55 /* der_encoder.c in Sources */ = {isa = PBXBuildFile; fileRef = 8858B73F12F9A35B00696670 /* der_encoder.c */; };
		889D74DF12FAF84500FD3B55 /* converter-sample.c in Sources */ = {isa = PBXBuildFile; fileRef = 8858B73E12F9A35B00696670 /* converter-sample.c */; };
		889D74E012FAF84700FD3B55 /* xer_encoder.c in Sources */ = {isa = PBXBuildFile; fileRef = 8858B75912F9A35B00696670 /* xer_encoder.c */; };
		889D74E112FAF84800FD3B55 /* xer_support.c in Sources */ = {isa = PBXBuildFile; fileRef = 8858B75B12F9A35B00696670 /* xer_support.c */; };
		889D74E212FAF84800FD3B55 /* asn_codecs_prim.c in Sources */ = {isa = PBXBuildFile; fileRef = 8858B72812F9A35B00696670 /* asn_codecs_prim.c */; };
		889D74E312FAF84900FD3B55 /* constr_SEQUENCE.c in Sources */ = {isa = PBXBuildFile; fileRef = 8858B73612F9A35B00696670 /* constr_SEQUENCE.c */; };
		889D74E412FAF84A00FD3B55 /* NativeInteger.c in Sources */ = {isa = PBXBuildFile; fileRef = 8858B74712F9A35B00696670 /* NativeInteger.c */; };
		889D74E512FAF84B00FD3B55 /* xer_decoder.c in Sources */ = {isa = PBXBuildFile; fileRef = 8858B75712F9A35B00696670 /* xer_decoder.c */; };
		889D74E612FAF84D00FD3B55 /* constraints.c in Sources */ = {isa = PBXBuildFile; fileRef = 8858B73C12F9A35B00696670 /* constraints.c */; };
		889D74E712FAF84D00FD3B55 /* module.asn1 in Resources */ = {isa = PBXBuildFile; fileRef = 8858B74412F9A35B00696670 /* module.asn1 */; };
		889D74E812FAF84E00FD3B55 /* ReceiptAttribute.c in Sources */ = {isa = PBXBuildFile; fileRef = 8858B75512F9A35B00696670 /* ReceiptAttribute.c */; };
		889D74E912FAF84F00FD3B55 /* ber_tlv_length.c in Sources */ = {isa = PBXBuildFile; fileRef = 8858B73012F9A35B00696670 /* ber_tlv_length.c */; };
		889D74EA12FAF85D00FD3B55 /* ethernet.c in Sources */ = {isa = PBXBuildFile; fileRef = 8858B77812F9A37300696670 /* ethernet.c */; };
		8D11072B0486CEB800E47090 /* InfoPlist.strings in Resources */ = {isa = PBXBuildFile; fileRef = 089C165CFE840E0CC02AAC07 /* InfoPlist.strings */; };
		8D11072D0486CEB800E47090 /* main.m in Sources */ = {isa = PBXBuildFile; fileRef = 29B97316FDCFA39411CA2CEA /* main.m */; settings = {ATTRIBUTES = (); }; };
		8D11072F0486CEB800E47090 /* Cocoa.framework in Frameworks */ = {isa = PBXBuildFile; fileRef = 1058C7A1FEA54F0111CA2CBB /* Cocoa.framework */; };
/* End PBXBuildFile section */

/* Begin PBXCopyFilesBuildPhase section */
		882A8DAF128C377000D05C94 /* Copy Frameworks */ = {
			isa = PBXCopyFilesBuildPhase;
			buildActionMask = 2147483647;
			dstPath = "";
			dstSubfolderSpec = 10;
			files = (
				884E34CF128C7E4700B60730 /* ShortcutRecorder.framework in Copy Frameworks */,
			);
			name = "Copy Frameworks";
			runOnlyForDeploymentPostprocessing = 0;
		};
/* End PBXCopyFilesBuildPhase section */

/* Begin PBXFileReference section */
		089C165DFE840E0CC02AAC07 /* English */ = {isa = PBXFileReference; fileEncoding = 4; lastKnownFileType = text.plist.strings; name = English; path = English.lproj/InfoPlist.strings; sourceTree = "<group>"; };
		1058C7A1FEA54F0111CA2CBB /* Cocoa.framework */ = {isa = PBXFileReference; lastKnownFileType = wrapper.framework; name = Cocoa.framework; path = /System/Library/Frameworks/Cocoa.framework; sourceTree = "<absolute>"; };
		13E42FB307B3F0F600E4EEF1 /* CoreData.framework */ = {isa = PBXFileReference; lastKnownFileType = wrapper.framework; name = CoreData.framework; path = /System/Library/Frameworks/CoreData.framework; sourceTree = "<absolute>"; };
		1DDD58150DA1D0A300B32029 /* English */ = {isa = PBXFileReference; lastKnownFileType = file.xib; name = English; path = English.lproj/MainMenu.xib; sourceTree = "<group>"; };
		256AC3F00F4B6AF500CF3369 /* QuickCursor_Prefix.pch */ = {isa = PBXFileReference; fileEncoding = 4; lastKnownFileType = sourcecode.c.h; path = QuickCursor_Prefix.pch; sourceTree = "<group>"; };
		29B97316FDCFA39411CA2CEA /* main.m */ = {isa = PBXFileReference; fileEncoding = 4; lastKnownFileType = sourcecode.c.objc; path = main.m; sourceTree = "<group>"; };
		29B97324FDCFA39411CA2CEA /* AppKit.framework */ = {isa = PBXFileReference; lastKnownFileType = wrapper.framework; name = AppKit.framework; path = /System/Library/Frameworks/AppKit.framework; sourceTree = "<absolute>"; };
		29B97325FDCFA39411CA2CEA /* Foundation.framework */ = {isa = PBXFileReference; lastKnownFileType = wrapper.framework; name = Foundation.framework; path = /System/Library/Frameworks/Foundation.framework; sourceTree = "<absolute>"; };
		882A8B9C128C33BC00D05C94 /* NSAppleEventDescriptor-Extensions.h */ = {isa = PBXFileReference; lastKnownFileType = sourcecode.c.h; path = "NSAppleEventDescriptor-Extensions.h"; sourceTree = "<group>"; };
		882A8B9D128C33BC00D05C94 /* NSAppleEventDescriptor-Extensions.m */ = {isa = PBXFileReference; lastKnownFileType = sourcecode.c.objc; path = "NSAppleEventDescriptor-Extensions.m"; sourceTree = "<group>"; };
		882A8B9E128C33BC00D05C94 /* ODBEditor.h */ = {isa = PBXFileReference; lastKnownFileType = sourcecode.c.h; path = ODBEditor.h; sourceTree = "<group>"; };
		882A8B9F128C33BC00D05C94 /* ODBEditor.m */ = {isa = PBXFileReference; lastKnownFileType = sourcecode.c.objc; path = ODBEditor.m; sourceTree = "<group>"; };
		882A8BA0128C33BC00D05C94 /* ODBEditorSuite.h */ = {isa = PBXFileReference; lastKnownFileType = sourcecode.c.h; path = ODBEditorSuite.h; sourceTree = "<group>"; };
		882A8BA1128C33BC00D05C94 /* PTHotKey.h */ = {isa = PBXFileReference; lastKnownFileType = sourcecode.c.h; path = PTHotKey.h; sourceTree = "<group>"; };
		882A8BA2128C33BC00D05C94 /* PTHotKey.m */ = {isa = PBXFileReference; lastKnownFileType = sourcecode.c.objc; path = PTHotKey.m; sourceTree = "<group>"; };
		882A8BA3128C33BC00D05C94 /* PTHotKeyCenter.h */ = {isa = PBXFileReference; lastKnownFileType = sourcecode.c.h; path = PTHotKeyCenter.h; sourceTree = "<group>"; };
		882A8BA4128C33BC00D05C94 /* PTHotKeyCenter.m */ = {isa = PBXFileReference; lastKnownFileType = sourcecode.c.objc; path = PTHotKeyCenter.m; sourceTree = "<group>"; };
		882A8BA5128C33BC00D05C94 /* PTKeyCodes.plist */ = {isa = PBXFileReference; lastKnownFileType = text.plist.xml; path = PTKeyCodes.plist; sourceTree = "<group>"; };
		882A8BA6128C33BC00D05C94 /* PTKeyCodeTranslator.h */ = {isa = PBXFileReference; lastKnownFileType = sourcecode.c.h; path = PTKeyCodeTranslator.h; sourceTree = "<group>"; };
		882A8BA7128C33BC00D05C94 /* PTKeyCodeTranslator.m */ = {isa = PBXFileReference; lastKnownFileType = sourcecode.c.objc; path = PTKeyCodeTranslator.m; sourceTree = "<group>"; };
		882A8BA8128C33BC00D05C94 /* PTKeyCombo.h */ = {isa = PBXFileReference; lastKnownFileType = sourcecode.c.h; path = PTKeyCombo.h; sourceTree = "<group>"; };
		882A8BA9128C33BC00D05C94 /* PTKeyCombo.m */ = {isa = PBXFileReference; lastKnownFileType = sourcecode.c.objc; path = PTKeyCombo.m; sourceTree = "<group>"; };
		882A8BAA128C33BC00D05C94 /* QCAppDelegate.h */ = {isa = PBXFileReference; lastKnownFileType = sourcecode.c.h; path = QCAppDelegate.h; sourceTree = "<group>"; };
		882A8BAB128C33BC00D05C94 /* QCAppDelegate.m */ = {isa = PBXFileReference; lastKnownFileType = sourcecode.c.objc; path = QCAppDelegate.m; sourceTree = "<group>"; };
		882A8BAC128C33BC00D05C94 /* QCUIElement.h */ = {isa = PBXFileReference; lastKnownFileType = sourcecode.c.h; path = QCUIElement.h; sourceTree = "<group>"; };
		882A8BAD128C33BC00D05C94 /* QCUIElement.m */ = {isa = PBXFileReference; lastKnownFileType = sourcecode.c.objc; path = QCUIElement.m; sourceTree = "<group>"; };
		882A8BAE128C33BC00D05C94 /* QuickCursor User's Guide.pages */ = {isa = PBXFileReference; lastKnownFileType = file; path = "QuickCursor User's Guide.pages"; sourceTree = "<group>"; };
		882A8BAF128C33BC00D05C94 /* QuickCursor User's Guide.pdf */ = {isa = PBXFileReference; lastKnownFileType = image.pdf; path = "QuickCursor User's Guide.pdf"; sourceTree = "<group>"; };
		882A8BB0128C33CB00D05C94 /* StatusItemIconOLD.png */ = {isa = PBXFileReference; lastKnownFileType = image.png; path = StatusItemIconOLD.png; sourceTree = "<group>"; };
		882A8BB2128C33F000D05C94 /* README.txt */ = {isa = PBXFileReference; fileEncoding = 4; lastKnownFileType = text; path = README.txt; sourceTree = "<group>"; };
		882A8BB6128C344500D05C94 /* QuickCursor-Info.plist */ = {isa = PBXFileReference; fileEncoding = 4; lastKnownFileType = text.plist.xml; path = "QuickCursor-Info.plist"; sourceTree = "<group>"; };
		882A8C0E128C35EE00D05C94 /* CoreServices.framework */ = {isa = PBXFileReference; lastKnownFileType = wrapper.framework; name = CoreServices.framework; path = System/Library/Frameworks/CoreServices.framework; sourceTree = SDKROOT; };
		882A8C15128C35FA00D05C94 /* Carbon.framework */ = {isa = PBXFileReference; lastKnownFileType = wrapper.framework; name = Carbon.framework; path = System/Library/Frameworks/Carbon.framework; sourceTree = SDKROOT; };
		882A8DB0128C378800D05C94 /* QuickCursor.icns */ = {isa = PBXFileReference; lastKnownFileType = image.icns; path = QuickCursor.icns; sourceTree = "<group>"; };
		882A8DC8128C381400D05C94 /* Credits.html */ = {isa = PBXFileReference; fileEncoding = 4; lastKnownFileType = text.html; path = Credits.html; sourceTree = "<group>"; };
		884E34C3128C7E4100B60730 /* ShortcutRecorder.framework */ = {isa = PBXFileReference; lastKnownFileType = wrapper.framework; path = ShortcutRecorder.framework; sourceTree = "<group>"; };
		88564D8912DF407E00070CD3 /* StatusItemIcon.png */ = {isa = PBXFileReference; lastKnownFileType = image.png; path = StatusItemIcon.png; sourceTree = "<group>"; };
		8858B72612F9A35B00696670 /* asn_application.h */ = {isa = PBXFileReference; fileEncoding = 4; lastKnownFileType = sourcecode.c.h; path = asn_application.h; sourceTree = "<group>"; };
		8858B72712F9A35B00696670 /* asn_codecs.h */ = {isa = PBXFileReference; fileEncoding = 4; lastKnownFileType = sourcecode.c.h; path = asn_codecs.h; sourceTree = "<group>"; };
		8858B72812F9A35B00696670 /* asn_codecs_prim.c */ = {isa = PBXFileReference; fileEncoding = 4; lastKnownFileType = sourcecode.c.c; path = asn_codecs_prim.c; sourceTree = "<group>"; };
		8858B72912F9A35B00696670 /* asn_codecs_prim.h */ = {isa = PBXFileReference; fileEncoding = 4; lastKnownFileType = sourcecode.c.h; path = asn_codecs_prim.h; sourceTree = "<group>"; };
		8858B72A12F9A35B00696670 /* asn_internal.h */ = {isa = PBXFileReference; fileEncoding = 4; lastKnownFileType = sourcecode.c.h; path = asn_internal.h; sourceTree = "<group>"; };
		8858B72B12F9A35B00696670 /* asn_SET_OF.c */ = {isa = PBXFileReference; fileEncoding = 4; lastKnownFileType = sourcecode.c.c; path = asn_SET_OF.c; sourceTree = "<group>"; };
		8858B72C12F9A35B00696670 /* asn_SET_OF.h */ = {isa = PBXFileReference; fileEncoding = 4; lastKnownFileType = sourcecode.c.h; path = asn_SET_OF.h; sourceTree = "<group>"; };
		8858B72D12F9A35B00696670 /* asn_system.h */ = {isa = PBXFileReference; fileEncoding = 4; lastKnownFileType = sourcecode.c.h; path = asn_system.h; sourceTree = "<group>"; };
		8858B72E12F9A35B00696670 /* ber_decoder.c */ = {isa = PBXFileReference; fileEncoding = 4; lastKnownFileType = sourcecode.c.c; path = ber_decoder.c; sourceTree = "<group>"; };
		8858B72F12F9A35B00696670 /* ber_decoder.h */ = {isa = PBXFileReference; fileEncoding = 4; lastKnownFileType = sourcecode.c.h; path = ber_decoder.h; sourceTree = "<group>"; };
		8858B73012F9A35B00696670 /* ber_tlv_length.c */ = {isa = PBXFileReference; fileEncoding = 4; lastKnownFileType = sourcecode.c.c; path = ber_tlv_length.c; sourceTree = "<group>"; };
		8858B73112F9A35B00696670 /* ber_tlv_length.h */ = {isa = PBXFileReference; fileEncoding = 4; lastKnownFileType = sourcecode.c.h; path = ber_tlv_length.h; sourceTree = "<group>"; };
		8858B73212F9A35B00696670 /* ber_tlv_tag.c */ = {isa = PBXFileReference; fileEncoding = 4; lastKnownFileType = sourcecode.c.c; path = ber_tlv_tag.c; sourceTree = "<group>"; };
		8858B73312F9A35B00696670 /* ber_tlv_tag.h */ = {isa = PBXFileReference; fileEncoding = 4; lastKnownFileType = sourcecode.c.h; path = ber_tlv_tag.h; sourceTree = "<group>"; };
		8858B73412F9A35B00696670 /* BIT_STRING.c */ = {isa = PBXFileReference; fileEncoding = 4; lastKnownFileType = sourcecode.c.c; path = BIT_STRING.c; sourceTree = "<group>"; };
		8858B73512F9A35B00696670 /* BIT_STRING.h */ = {isa = PBXFileReference; fileEncoding = 4; lastKnownFileType = sourcecode.c.h; path = BIT_STRING.h; sourceTree = "<group>"; };
		8858B73612F9A35B00696670 /* constr_SEQUENCE.c */ = {isa = PBXFileReference; fileEncoding = 4; lastKnownFileType = sourcecode.c.c; path = constr_SEQUENCE.c; sourceTree = "<group>"; };
		8858B73712F9A35B00696670 /* constr_SEQUENCE.h */ = {isa = PBXFileReference; fileEncoding = 4; lastKnownFileType = sourcecode.c.h; path = constr_SEQUENCE.h; sourceTree = "<group>"; };
		8858B73812F9A35B00696670 /* constr_SET_OF.c */ = {isa = PBXFileReference; fileEncoding = 4; lastKnownFileType = sourcecode.c.c; path = constr_SET_OF.c; sourceTree = "<group>"; };
		8858B73912F9A35B00696670 /* constr_SET_OF.h */ = {isa = PBXFileReference; fileEncoding = 4; lastKnownFileType = sourcecode.c.h; path = constr_SET_OF.h; sourceTree = "<group>"; };
		8858B73A12F9A35B00696670 /* constr_TYPE.c */ = {isa = PBXFileReference; fileEncoding = 4; lastKnownFileType = sourcecode.c.c; path = constr_TYPE.c; sourceTree = "<group>"; };
		8858B73B12F9A35B00696670 /* constr_TYPE.h */ = {isa = PBXFileReference; fileEncoding = 4; lastKnownFileType = sourcecode.c.h; path = constr_TYPE.h; sourceTree = "<group>"; };
		8858B73C12F9A35B00696670 /* constraints.c */ = {isa = PBXFileReference; fileEncoding = 4; lastKnownFileType = sourcecode.c.c; path = constraints.c; sourceTree = "<group>"; };
		8858B73D12F9A35B00696670 /* constraints.h */ = {isa = PBXFileReference; fileEncoding = 4; lastKnownFileType = sourcecode.c.h; path = constraints.h; sourceTree = "<group>"; };
		8858B73E12F9A35B00696670 /* converter-sample.c */ = {isa = PBXFileReference; fileEncoding = 4; lastKnownFileType = sourcecode.c.c; path = "converter-sample.c"; sourceTree = "<group>"; };
		8858B73F12F9A35B00696670 /* der_encoder.c */ = {isa = PBXFileReference; fileEncoding = 4; lastKnownFileType = sourcecode.c.c; path = der_encoder.c; sourceTree = "<group>"; };
		8858B74012F9A35B00696670 /* der_encoder.h */ = {isa = PBXFileReference; fileEncoding = 4; lastKnownFileType = sourcecode.c.h; path = der_encoder.h; sourceTree = "<group>"; };
		8858B74112F9A35B00696670 /* INTEGER.c */ = {isa = PBXFileReference; fileEncoding = 4; lastKnownFileType = sourcecode.c.c; path = INTEGER.c; sourceTree = "<group>"; };
		8858B74212F9A35B00696670 /* INTEGER.h */ = {isa = PBXFileReference; fileEncoding = 4; lastKnownFileType = sourcecode.c.h; path = INTEGER.h; sourceTree = "<group>"; };
		8858B74312F9A35B00696670 /* Makefile.am.sample */ = {isa = PBXFileReference; fileEncoding = 4; lastKnownFileType = text; path = Makefile.am.sample; sourceTree = "<group>"; };
		8858B74412F9A35B00696670 /* module.asn1 */ = {isa = PBXFileReference; fileEncoding = 4; lastKnownFileType = text; path = module.asn1; sourceTree = "<group>"; };
		8858B74512F9A35B00696670 /* NativeEnumerated.c */ = {isa = PBXFileReference; fileEncoding = 4; lastKnownFileType = sourcecode.c.c; path = NativeEnumerated.c; sourceTree = "<group>"; };
		8858B74612F9A35B00696670 /* NativeEnumerated.h */ = {isa = PBXFileReference; fileEncoding = 4; lastKnownFileType = sourcecode.c.h; path = NativeEnumerated.h; sourceTree = "<group>"; };
		8858B74712F9A35B00696670 /* NativeInteger.c */ = {isa = PBXFileReference; fileEncoding = 4; lastKnownFileType = sourcecode.c.c; path = NativeInteger.c; sourceTree = "<group>"; };
		8858B74812F9A35B00696670 /* NativeInteger.h */ = {isa = PBXFileReference; fileEncoding = 4; lastKnownFileType = sourcecode.c.h; path = NativeInteger.h; sourceTree = "<group>"; };
		8858B74912F9A35B00696670 /* OCTET_STRING.c */ = {isa = PBXFileReference; fileEncoding = 4; lastKnownFileType = sourcecode.c.c; path = OCTET_STRING.c; sourceTree = "<group>"; };
		8858B74A12F9A35B00696670 /* OCTET_STRING.h */ = {isa = PBXFileReference; fileEncoding = 4; lastKnownFileType = sourcecode.c.h; path = OCTET_STRING.h; sourceTree = "<group>"; };
		8858B74B12F9A35B00696670 /* Payload.c */ = {isa = PBXFileReference; fileEncoding = 4; lastKnownFileType = sourcecode.c.c; path = Payload.c; sourceTree = "<group>"; };
		8858B74C12F9A35B00696670 /* Payload.h */ = {isa = PBXFileReference; fileEncoding = 4; lastKnownFileType = sourcecode.c.h; path = Payload.h; sourceTree = "<group>"; };
		8858B74D12F9A35B00696670 /* per_decoder.c */ = {isa = PBXFileReference; fileEncoding = 4; lastKnownFileType = sourcecode.c.c; path = per_decoder.c; sourceTree = "<group>"; };
		8858B74E12F9A35B00696670 /* per_decoder.h */ = {isa = PBXFileReference; fileEncoding = 4; lastKnownFileType = sourcecode.c.h; path = per_decoder.h; sourceTree = "<group>"; };
		8858B74F12F9A35B00696670 /* per_encoder.c */ = {isa = PBXFileReference; fileEncoding = 4; lastKnownFileType = sourcecode.c.c; path = per_encoder.c; sourceTree = "<group>"; };
		8858B75012F9A35B00696670 /* per_encoder.h */ = {isa = PBXFileReference; fileEncoding = 4; lastKnownFileType = sourcecode.c.h; path = per_encoder.h; sourceTree = "<group>"; };
		8858B75112F9A35B00696670 /* per_opentype.c */ = {isa = PBXFileReference; fileEncoding = 4; lastKnownFileType = sourcecode.c.c; path = per_opentype.c; sourceTree = "<group>"; };
		8858B75212F9A35B00696670 /* per_opentype.h */ = {isa = PBXFileReference; fileEncoding = 4; lastKnownFileType = sourcecode.c.h; path = per_opentype.h; sourceTree = "<group>"; };
		8858B75312F9A35B00696670 /* per_support.c */ = {isa = PBXFileReference; fileEncoding = 4; lastKnownFileType = sourcecode.c.c; path = per_support.c; sourceTree = "<group>"; };
		8858B75412F9A35B00696670 /* per_support.h */ = {isa = PBXFileReference; fileEncoding = 4; lastKnownFileType = sourcecode.c.h; path = per_support.h; sourceTree = "<group>"; };
		8858B75512F9A35B00696670 /* ReceiptAttribute.c */ = {isa = PBXFileReference; fileEncoding = 4; lastKnownFileType = sourcecode.c.c; path = ReceiptAttribute.c; sourceTree = "<group>"; };
		8858B75612F9A35B00696670 /* ReceiptAttribute.h */ = {isa = PBXFileReference; fileEncoding = 4; lastKnownFileType = sourcecode.c.h; path = ReceiptAttribute.h; sourceTree = "<group>"; };
		8858B75712F9A35B00696670 /* xer_decoder.c */ = {isa = PBXFileReference; fileEncoding = 4; lastKnownFileType = sourcecode.c.c; path = xer_decoder.c; sourceTree = "<group>"; };
		8858B75812F9A35B00696670 /* xer_decoder.h */ = {isa = PBXFileReference; fileEncoding = 4; lastKnownFileType = sourcecode.c.h; path = xer_decoder.h; sourceTree = "<group>"; };
		8858B75912F9A35B00696670 /* xer_encoder.c */ = {isa = PBXFileReference; fileEncoding = 4; lastKnownFileType = sourcecode.c.c; path = xer_encoder.c; sourceTree = "<group>"; };
		8858B75A12F9A35B00696670 /* xer_encoder.h */ = {isa = PBXFileReference; fileEncoding = 4; lastKnownFileType = sourcecode.c.h; path = xer_encoder.h; sourceTree = "<group>"; };
		8858B75B12F9A35B00696670 /* xer_support.c */ = {isa = PBXFileReference; fileEncoding = 4; lastKnownFileType = sourcecode.c.c; path = xer_support.c; sourceTree = "<group>"; };
		8858B75C12F9A35B00696670 /* xer_support.h */ = {isa = PBXFileReference; fileEncoding = 4; lastKnownFileType = sourcecode.c.h; path = xer_support.h; sourceTree = "<group>"; };
		8858B77812F9A37300696670 /* ethernet.c */ = {isa = PBXFileReference; fileEncoding = 4; lastKnownFileType = sourcecode.c.c; path = ethernet.c; sourceTree = "<group>"; };
		8858B77912F9A37300696670 /* ethernet.h */ = {isa = PBXFileReference; fileEncoding = 4; lastKnownFileType = sourcecode.c.h; path = ethernet.h; sourceTree = "<group>"; };
		8858B7E612F9A96E00696670 /* main_app_store.m */ = {isa = PBXFileReference; fileEncoding = 4; lastKnownFileType = sourcecode.c.objc; path = main_app_store.m; sourceTree = "<group>"; };
		8858B82812F9AC6600696670 /* sample_app_receipt */ = {isa = PBXFileReference; lastKnownFileType = file; path = sample_app_receipt; sourceTree = "<group>"; };
		8858B82B12F9AD2C00696670 /* check.h */ = {isa = PBXFileReference; fileEncoding = 4; lastKnownFileType = sourcecode.c.h; path = check.h; sourceTree = "<group>"; };
		8D1107320486CEB800E47090 /* QuickCursor.app */ = {isa = PBXFileReference; explicitFileType = wrapper.application; includeInIndex = 0; path = QuickCursor.app; sourceTree = BUILT_PRODUCTS_DIR; };
/* End PBXFileReference section */

/* Begin PBXFrameworksBuildPhase section */
		8D11072E0486CEB800E47090 /* Frameworks */ = {
			isa = PBXFrameworksBuildPhase;
			buildActionMask = 2147483647;
			files = (
				8D11072F0486CEB800E47090 /* Cocoa.framework in Frameworks */,
				882A8C0F128C35EE00D05C94 /* CoreServices.framework in Frameworks */,
				882A8C16128C35FA00D05C94 /* Carbon.framework in Frameworks */,
				884E34C4128C7E4100B60730 /* ShortcutRecorder.framework in Frameworks */,
			);
			runOnlyForDeploymentPostprocessing = 0;
		};
/* End PBXFrameworksBuildPhase section */

/* Begin PBXGroup section */
		080E96DDFE201D6D7F000001 /* Classes */ = {
			isa = PBXGroup;
			children = (
				882A8BAA128C33BC00D05C94 /* QCAppDelegate.h */,
				882A8BAB128C33BC00D05C94 /* QCAppDelegate.m */,
				882A8BAC128C33BC00D05C94 /* QCUIElement.h */,
				882A8BAD128C33BC00D05C94 /* QCUIElement.m */,
				8858B72512F9A35B00696670 /* asn1 */,
				882A8C26128C368400D05C94 /* ODB Editor */,
				882A8C27128C369100D05C94 /* Hot Key */,
			);
			name = Classes;
			sourceTree = "<group>";
		};
		1058C7A0FEA54F0111CA2CBB /* Linked Frameworks */ = {
			isa = PBXGroup;
			children = (
				884E34C3128C7E4100B60730 /* ShortcutRecorder.framework */,
				882A8C0E128C35EE00D05C94 /* CoreServices.framework */,
				882A8C15128C35FA00D05C94 /* Carbon.framework */,
				1058C7A1FEA54F0111CA2CBB /* Cocoa.framework */,
			);
			name = "Linked Frameworks";
			sourceTree = "<group>";
		};
		1058C7A2FEA54F0111CA2CBB /* Other Frameworks */ = {
			isa = PBXGroup;
			children = (
				29B97324FDCFA39411CA2CEA /* AppKit.framework */,
				13E42FB307B3F0F600E4EEF1 /* CoreData.framework */,
				29B97325FDCFA39411CA2CEA /* Foundation.framework */,
			);
			name = "Other Frameworks";
			sourceTree = "<group>";
		};
		19C28FACFE9D520D11CA2CBB /* Products */ = {
			isa = PBXGroup;
			children = (
				8D1107320486CEB800E47090 /* QuickCursor.app */,
			);
			name = Products;
			sourceTree = "<group>";
		};
		29B97314FDCFA39411CA2CEA /* QuickCursor */ = {
			isa = PBXGroup;
			children = (
				080E96DDFE201D6D7F000001 /* Classes */,
				29B97315FDCFA39411CA2CEA /* Other Sources */,
				29B97317FDCFA39411CA2CEA /* Resources */,
				29B97323FDCFA39411CA2CEA /* Frameworks */,
				19C28FACFE9D520D11CA2CBB /* Products */,
			);
			name = QuickCursor;
			sourceTree = "<group>";
		};
		29B97315FDCFA39411CA2CEA /* Other Sources */ = {
			isa = PBXGroup;
			children = (
				882A8BB2128C33F000D05C94 /* README.txt */,
				8858B77912F9A37300696670 /* ethernet.h */,
				8858B77812F9A37300696670 /* ethernet.c */,
				8858B82B12F9AD2C00696670 /* check.h */,
				29B97316FDCFA39411CA2CEA /* main.m */,
				8858B7E612F9A96E00696670 /* main_app_store.m */,
				256AC3F00F4B6AF500CF3369 /* QuickCursor_Prefix.pch */,
			);
			name = "Other Sources";
			sourceTree = "<group>";
		};
		29B97317FDCFA39411CA2CEA /* Resources */ = {
			isa = PBXGroup;
			children = (
				8858B82812F9AC6600696670 /* sample_app_receipt */,
				882A8DC8128C381400D05C94 /* Credits.html */,
				882A8DB0128C378800D05C94 /* QuickCursor.icns */,
				882A8BB6128C344500D05C94 /* QuickCursor-Info.plist */,
				882A8BAE128C33BC00D05C94 /* QuickCursor User's Guide.pages */,
				882A8BAF128C33BC00D05C94 /* QuickCursor User's Guide.pdf */,
				882A8BB0128C33CB00D05C94 /* StatusItemIconOLD.png */,
				88564D8912DF407E00070CD3 /* StatusItemIcon.png */,
				089C165CFE840E0CC02AAC07 /* InfoPlist.strings */,
				1DDD58140DA1D0A300B32029 /* MainMenu.xib */,
			);
			name = Resources;
			sourceTree = "<group>";
		};
		29B97323FDCFA39411CA2CEA /* Frameworks */ = {
			isa = PBXGroup;
			children = (
				1058C7A0FEA54F0111CA2CBB /* Linked Frameworks */,
				1058C7A2FEA54F0111CA2CBB /* Other Frameworks */,
			);
			name = Frameworks;
			sourceTree = "<group>";
		};
		882A8C26128C368400D05C94 /* ODB Editor */ = {
			isa = PBXGroup;
			children = (
				882A8B9E128C33BC00D05C94 /* ODBEditor.h */,
				882A8B9F128C33BC00D05C94 /* ODBEditor.m */,
				882A8BA0128C33BC00D05C94 /* ODBEditorSuite.h */,
				882A8B9C128C33BC00D05C94 /* NSAppleEventDescriptor-Extensions.h */,
				882A8B9D128C33BC00D05C94 /* NSAppleEventDescriptor-Extensions.m */,
			);
			name = "ODB Editor";
			sourceTree = "<group>";
		};
		882A8C27128C369100D05C94 /* Hot Key */ = {
			isa = PBXGroup;
			children = (
				882A8BA1128C33BC00D05C94 /* PTHotKey.h */,
				882A8BA2128C33BC00D05C94 /* PTHotKey.m */,
				882A8BA3128C33BC00D05C94 /* PTHotKeyCenter.h */,
				882A8BA4128C33BC00D05C94 /* PTHotKeyCenter.m */,
				882A8BA6128C33BC00D05C94 /* PTKeyCodeTranslator.h */,
				882A8BA7128C33BC00D05C94 /* PTKeyCodeTranslator.m */,
				882A8BA8128C33BC00D05C94 /* PTKeyCombo.h */,
				882A8BA9128C33BC00D05C94 /* PTKeyCombo.m */,
				882A8BA5128C33BC00D05C94 /* PTKeyCodes.plist */,
			);
			name = "Hot Key";
			sourceTree = "<group>";
		};
		8858B72512F9A35B00696670 /* asn1 */ = {
			isa = PBXGroup;
			children = (
				8858B72612F9A35B00696670 /* asn_application.h */,
				8858B72712F9A35B00696670 /* asn_codecs.h */,
				8858B72812F9A35B00696670 /* asn_codecs_prim.c */,
				8858B72912F9A35B00696670 /* asn_codecs_prim.h */,
				8858B72A12F9A35B00696670 /* asn_internal.h */,
				8858B72B12F9A35B00696670 /* asn_SET_OF.c */,
				8858B72C12F9A35B00696670 /* asn_SET_OF.h */,
				8858B72D12F9A35B00696670 /* asn_system.h */,
				8858B72E12F9A35B00696670 /* ber_decoder.c */,
				8858B72F12F9A35B00696670 /* ber_decoder.h */,
				8858B73012F9A35B00696670 /* ber_tlv_length.c */,
				8858B73112F9A35B00696670 /* ber_tlv_length.h */,
				8858B73212F9A35B00696670 /* ber_tlv_tag.c */,
				8858B73312F9A35B00696670 /* ber_tlv_tag.h */,
				8858B73412F9A35B00696670 /* BIT_STRING.c */,
				8858B73512F9A35B00696670 /* BIT_STRING.h */,
				8858B73612F9A35B00696670 /* constr_SEQUENCE.c */,
				8858B73712F9A35B00696670 /* constr_SEQUENCE.h */,
				8858B73812F9A35B00696670 /* constr_SET_OF.c */,
				8858B73912F9A35B00696670 /* constr_SET_OF.h */,
				8858B73A12F9A35B00696670 /* constr_TYPE.c */,
				8858B73B12F9A35B00696670 /* constr_TYPE.h */,
				8858B73C12F9A35B00696670 /* constraints.c */,
				8858B73D12F9A35B00696670 /* constraints.h */,
				8858B73E12F9A35B00696670 /* converter-sample.c */,
				8858B73F12F9A35B00696670 /* der_encoder.c */,
				8858B74012F9A35B00696670 /* der_encoder.h */,
				8858B74112F9A35B00696670 /* INTEGER.c */,
				8858B74212F9A35B00696670 /* INTEGER.h */,
				8858B74312F9A35B00696670 /* Makefile.am.sample */,
				8858B74412F9A35B00696670 /* module.asn1 */,
				8858B74512F9A35B00696670 /* NativeEnumerated.c */,
				8858B74612F9A35B00696670 /* NativeEnumerated.h */,
				8858B74712F9A35B00696670 /* NativeInteger.c */,
				8858B74812F9A35B00696670 /* NativeInteger.h */,
				8858B74912F9A35B00696670 /* OCTET_STRING.c */,
				8858B74A12F9A35B00696670 /* OCTET_STRING.h */,
				8858B74B12F9A35B00696670 /* Payload.c */,
				8858B74C12F9A35B00696670 /* Payload.h */,
				8858B74D12F9A35B00696670 /* per_decoder.c */,
				8858B74E12F9A35B00696670 /* per_decoder.h */,
				8858B74F12F9A35B00696670 /* per_encoder.c */,
				8858B75012F9A35B00696670 /* per_encoder.h */,
				8858B75112F9A35B00696670 /* per_opentype.c */,
				8858B75212F9A35B00696670 /* per_opentype.h */,
				8858B75312F9A35B00696670 /* per_support.c */,
				8858B75412F9A35B00696670 /* per_support.h */,
				8858B75512F9A35B00696670 /* ReceiptAttribute.c */,
				8858B75612F9A35B00696670 /* ReceiptAttribute.h */,
				8858B75712F9A35B00696670 /* xer_decoder.c */,
				8858B75812F9A35B00696670 /* xer_decoder.h */,
				8858B75912F9A35B00696670 /* xer_encoder.c */,
				8858B75A12F9A35B00696670 /* xer_encoder.h */,
				8858B75B12F9A35B00696670 /* xer_support.c */,
				8858B75C12F9A35B00696670 /* xer_support.h */,
			);
			path = asn1;
			sourceTree = "<group>";
		};
/* End PBXGroup section */

/* Begin PBXNativeTarget section */
		8D1107260486CEB800E47090 /* QuickCursor */ = {
			isa = PBXNativeTarget;
			buildConfigurationList = C01FCF4A08A954540054247B /* Build configuration list for PBXNativeTarget "QuickCursor" */;
			buildPhases = (
				8D1107290486CEB800E47090 /* Resources */,
				8D11072C0486CEB800E47090 /* Sources */,
				8D11072E0486CEB800E47090 /* Frameworks */,
				882A8DAF128C377000D05C94 /* Copy Frameworks */,
			);
			buildRules = (
			);
			dependencies = (
			);
			name = QuickCursor;
			productInstallPath = "$(HOME)/Applications";
			productName = QuickCursor;
			productReference = 8D1107320486CEB800E47090 /* QuickCursor.app */;
			productType = "com.apple.product-type.application";
		};
/* End PBXNativeTarget section */

/* Begin PBXProject section */
		29B97313FDCFA39411CA2CEA /* Project object */ = {
			isa = PBXProject;
			buildConfigurationList = C01FCF4E08A954540054247B /* Build configuration list for PBXProject "QuickCursor" */;
			compatibilityVersion = "Xcode 3.1";
			developmentRegion = English;
			hasScannedForEncodings = 1;
			knownRegions = (
				English,
				Japanese,
				French,
				German,
			);
			mainGroup = 29B97314FDCFA39411CA2CEA /* QuickCursor */;
			projectDirPath = "";
			projectRoot = "";
			targets = (
				8D1107260486CEB800E47090 /* QuickCursor */,
			);
		};
/* End PBXProject section */

/* Begin PBXResourcesBuildPhase section */
		8D1107290486CEB800E47090 /* Resources */ = {
			isa = PBXResourcesBuildPhase;
			buildActionMask = 2147483647;
			files = (
				8D11072B0486CEB800E47090 /* InfoPlist.strings in Resources */,
				1DDD58160DA1D0A300B32029 /* MainMenu.xib in Resources */,
				882A8BB1128C33CB00D05C94 /* StatusItemIconOLD.png in Resources */,
				882A8BDA128C349D00D05C94 /* PTKeyCodes.plist in Resources */,
				882A8DB1128C378800D05C94 /* QuickCursor.icns in Resources */,
				882A8DC9128C381400D05C94 /* Credits.html in Resources */,
				882A8DDE128C392800D05C94 /* QuickCursor User's Guide.pdf in Resources */,
				88564D8A12DF407E00070CD3 /* StatusItemIcon.png in Resources */,
				8858B82912F9AC6600696670 /* sample_app_receipt in Resources */,
				889D74D012FAF83C00FD3B55 /* Makefile.am.sample in Resources */,
				889D74E712FAF84D00FD3B55 /* module.asn1 in Resources */,
			);
			runOnlyForDeploymentPostprocessing = 0;
		};
/* End PBXResourcesBuildPhase section */

/* Begin PBXSourcesBuildPhase section */
		8D11072C0486CEB800E47090 /* Sources */ = {
			isa = PBXSourcesBuildPhase;
			buildActionMask = 2147483647;
			files = (
				8D11072D0486CEB800E47090 /* main.m in Sources */,
				882A8BD5128C349A00D05C94 /* QCUIElement.m in Sources */,
				882A8BD6128C349A00D05C94 /* QCAppDelegate.m in Sources */,
				882A8BD7128C349B00D05C94 /* PTKeyCombo.m in Sources */,
				882A8BD8128C349C00D05C94 /* PTKeyCodeTranslator.m in Sources */,
				882A8BD9128C349D00D05C94 /* PTHotKeyCenter.m in Sources */,
				882A8BDB128C349E00D05C94 /* PTHotKey.m in Sources */,
				882A8BDC128C349F00D05C94 /* ODBEditor.m in Sources */,
				882A8BDD128C349F00D05C94 /* NSAppleEventDescriptor-Extensions.m in Sources */,
				889D74CF12FAF83B00FD3B55 /* NativeEnumerated.c in Sources */,
				889D74D112FAF83C00FD3B55 /* BIT_STRING.c in Sources */,
				889D74D212FAF83D00FD3B55 /* INTEGER.c in Sources */,
				889D74D312FAF83D00FD3B55 /* asn_SET_OF.c in Sources */,
				889D74D412FAF83E00FD3B55 /* OCTET_STRING.c in Sources */,
				889D74D512FAF83F00FD3B55 /* constr_SET_OF.c in Sources */,
				889D74D612FAF84000FD3B55 /* Payload.c in Sources */,
				889D74D712FAF84000FD3B55 /* ber_decoder.c in Sources */,
				889D74D812FAF84100FD3B55 /* per_encoder.c in Sources */,
				889D74D912FAF84100FD3B55 /* per_support.c in Sources */,
				889D74DA12FAF84200FD3B55 /* per_opentype.c in Sources */,
				889D74DB12FAF84300FD3B55 /* ber_tlv_tag.c in Sources */,
				889D74DC12FAF84300FD3B55 /* per_decoder.c in Sources */,
				889D74DD12FAF84300FD3B55 /* constr_TYPE.c in Sources */,
				889D74DE12FAF84400FD3B55 /* der_encoder.c in Sources */,
				889D74DF12FAF84500FD3B55 /* converter-sample.c in Sources */,
				889D74E012FAF84700FD3B55 /* xer_encoder.c in Sources */,
				889D74E112FAF84800FD3B55 /* xer_support.c in Sources */,
				889D74E212FAF84800FD3B55 /* asn_codecs_prim.c in Sources */,
				889D74E312FAF84900FD3B55 /* constr_SEQUENCE.c in Sources */,
				889D74E412FAF84A00FD3B55 /* NativeInteger.c in Sources */,
				889D74E512FAF84B00FD3B55 /* xer_decoder.c in Sources */,
				889D74E612FAF84D00FD3B55 /* constraints.c in Sources */,
				889D74E812FAF84E00FD3B55 /* ReceiptAttribute.c in Sources */,
				889D74E912FAF84F00FD3B55 /* ber_tlv_length.c in Sources */,
				889D74EA12FAF85D00FD3B55 /* ethernet.c in Sources */,
			);
			runOnlyForDeploymentPostprocessing = 0;
		};
/* End PBXSourcesBuildPhase section */

/* Begin PBXVariantGroup section */
		089C165CFE840E0CC02AAC07 /* InfoPlist.strings */ = {
			isa = PBXVariantGroup;
			children = (
				089C165DFE840E0CC02AAC07 /* English */,
			);
			name = InfoPlist.strings;
			sourceTree = "<group>";
		};
		1DDD58140DA1D0A300B32029 /* MainMenu.xib */ = {
			isa = PBXVariantGroup;
			children = (
				1DDD58150DA1D0A300B32029 /* English */,
			);
			name = MainMenu.xib;
			sourceTree = "<group>";
		};
/* End PBXVariantGroup section */

/* Begin XCBuildConfiguration section */
		884E34A6128C7D2000B60730 /* Distribution */ = {
			isa = XCBuildConfiguration;
			buildSettings = {
				ARCHS = (
					i386,
					x86_64,
				);
				CODE_SIGN_IDENTITY = "3rd Party Mac Developer Application: Jesse Grosjean";
				GCC_C_LANGUAGE_STANDARD = gnu99;
				GCC_WARN_ABOUT_RETURN_TYPE = YES;
				GCC_WARN_UNUSED_VARIABLE = YES;
				PREBINDING = NO;
				SDKROOT = macosx10.6;
			};
			name = Distribution;
		};
		884E34A7128C7D2000B60730 /* Distribution */ = {
			isa = XCBuildConfiguration;
			buildSettings = {
				ALWAYS_SEARCH_USER_PATHS = NO;
				DEBUG_INFORMATION_FORMAT = "dwarf-with-dsym";
				FRAMEWORK_SEARCH_PATHS = (
					"$(inherited)",
					"\"$(SRCROOT)\"",
				);
				GCC_MODEL_TUNING = G5;
				GCC_PRECOMPILE_PREFIX_HEADER = YES;
				GCC_PREFIX_HEADER = QuickCursor_Prefix.pch;
				INFOPLIST_FILE = "QuickCursor-Info.plist";
				INSTALL_PATH = "$(HOME)/Applications";
				LIBRARY_SEARCH_PATHS = (
					"$(inherited)",
					"\"$(SRCROOT)\"/**",
				);
				PRODUCT_NAME = QuickCursor;
			};
			name = Distribution;
		};
		C01FCF4B08A954540054247B /* Debug */ = {
			isa = XCBuildConfiguration;
			buildSettings = {
				ALWAYS_SEARCH_USER_PATHS = NO;
				COPY_PHASE_STRIP = NO;
				DEBUG_INFORMATION_FORMAT = "dwarf-with-dsym";
				FRAMEWORK_SEARCH_PATHS = (
					"$(inherited)",
					"\"$(SRCROOT)\"",
				);
				GCC_DYNAMIC_NO_PIC = NO;
				GCC_ENABLE_FIX_AND_CONTINUE = YES;
				GCC_MODEL_TUNING = G5;
				GCC_OPTIMIZATION_LEVEL = 0;
				GCC_PRECOMPILE_PREFIX_HEADER = YES;
				GCC_PREFIX_HEADER = QuickCursor_Prefix.pch;
				INFOPLIST_FILE = "QuickCursor-Info.plist";
				INSTALL_PATH = "$(HOME)/Applications";
				PRODUCT_NAME = QuickCursor;
			};
			name = Debug;
		};
		C01FCF4C08A954540054247B /* Release */ = {
			isa = XCBuildConfiguration;
			buildSettings = {
				ALWAYS_SEARCH_USER_PATHS = NO;
				DEBUG_INFORMATION_FORMAT = "dwarf-with-dsym";
				FRAMEWORK_SEARCH_PATHS = (
					"$(inherited)",
					"\"$(SRCROOT)\"",
				);
				GCC_MODEL_TUNING = G5;
				GCC_PRECOMPILE_PREFIX_HEADER = YES;
				GCC_PREFIX_HEADER = QuickCursor_Prefix.pch;
				INFOPLIST_FILE = "QuickCursor-Info.plist";
				INSTALL_PATH = "$(HOME)/Applications";
				LIBRARY_SEARCH_PATHS = (
					"$(inherited)",
					"\"$(SRCROOT)\"/**",
				);
				PRODUCT_NAME = QuickCursor;
			};
			name = Release;
		};
		C01FCF4F08A954540054247B /* Debug */ = {
			isa = XCBuildConfiguration;
			buildSettings = {
				ARCHS = "$(ARCHS_STANDARD_32_64_BIT)";
				GCC_C_LANGUAGE_STANDARD = gnu99;
				GCC_OPTIMIZATION_LEVEL = 0;
				GCC_WARN_ABOUT_RETURN_TYPE = YES;
				GCC_WARN_UNUSED_VARIABLE = YES;
				ONLY_ACTIVE_ARCH = YES;
				PREBINDING = NO;
				SDKROOT = macosx10.6;
			};
			name = Debug;
		};
		C01FCF5008A954540054247B /* Release */ = {
			isa = XCBuildConfiguration;
			buildSettings = {
				ARCHS = "$(ARCHS_STANDARD_32_64_BIT)";
				GCC_C_LANGUAGE_STANDARD = gnu99;
				GCC_WARN_ABOUT_RETURN_TYPE = YES;
				GCC_WARN_UNUSED_VARIABLE = YES;
				PREBINDING = NO;
				SDKROOT = macosx10.6;
			};
			name = Release;
		};
/* End XCBuildConfiguration section */

/* Begin XCConfigurationList section */
		C01FCF4A08A954540054247B /* Build configuration list for PBXNativeTarget "QuickCursor" */ = {
			isa = XCConfigurationList;
			buildConfigurations = (
				C01FCF4B08A954540054247B /* Debug */,
				C01FCF4C08A954540054247B /* Release */,
				884E34A7128C7D2000B60730 /* Distribution */,
			);
			defaultConfigurationIsVisible = 0;
			defaultConfigurationName = Release;
		};
		C01FCF4E08A954540054247B /* Build configuration list for PBXProject "QuickCursor" */ = {
			isa = XCConfigurationList;
			buildConfigurations = (
				C01FCF4F08A954540054247B /* Debug */,
				C01FCF5008A954540054247B /* Release */,
				884E34A6128C7D2000B60730 /* Distribution */,
			);
			defaultConfigurationIsVisible = 0;
			defaultConfigurationName = Release;
		};
/* End XCConfigurationList section */
	};
	rootObject = 29B97313FDCFA39411CA2CEA /* Project object */;
}
